
Microsoft Visual Studio Solution File, Format Version 12.00
# Visual Studio 15
VisualStudioVersion = 15.0.27004.2005
MinimumVisualStudioVersion = 10.0.40219.1
Project("{FAE04EC0-301F-11D3-BF4B-00C04F79EFBC}") = "framework check", "framework check\framework check.csproj", "{553FE26A-5F51-4AF6-8898-6EF0C2149640}"
EndProject
Global
	GlobalSection(SolutionConfigurationPlatforms) = preSolution
		Debug|Any CPU = Debug|Any CPU
		Release|Any CPU = Release|Any CPU
	EndGlobalSection
	GlobalSection(ProjectConfigurationPlatforms) = postSolution
		{553FE26A-5F51-4AF6-8898-6EF0C2149640}.Debug|Any CPU.ActiveCfg = Debug|Any CPU
		{553FE26A-5F51-4AF6-8898-6EF0C2149640}.Debug|Any CPU.Build.0 = Debug|Any CPU
		{553FE26A-5F51-4AF6-8898-6EF0C2149640}.Release|Any CPU.ActiveCfg = Release|Any CPU
		{553FE26A-5F51-4AF6-8898-6EF0C2149640}.Release|Any CPU.Build.0 = Release|Any CPU
	EndGlobalSection
	GlobalSection(SolutionProperties) = preSolution
		HideSolutionNode = FALSE
	EndGlobalSection
	GlobalSection(ExtensibilityGlobals) = postSolution
		SolutionGuid = {6644BB03-9108-4EA7-98CE-577C524BBDDB}
	EndGlobalSection
EndGlobal
